
Microsoft Visual Studio Solution File, Format Version 12.00
# Visual Studio Version 17
VisualStudioVersion = 17.1.32319.34
MinimumVisualStudioVersion = 10.0.40219.1
Project("{FAE04EC0-301F-11D3-BF4B-00C04F79EFBC}") = "SampleElasticContext", "SampleElasticContext\SampleElasticContext.csproj", "{55BB94EF-0939-4046-8635-7BC7E3578B03}"
EndProject
Global
	GlobalSection(SolutionConfigurationPlatforms) = preSolution
		Debug|Any CPU = Debug|Any CPU
		Release|Any CPU = Release|Any CPU
	EndGlobalSection
	GlobalSection(ProjectConfigurationPlatforms) = postSolution
		{55BB94EF-0939-4046-8635-7BC7E3578B03}.Debug|Any CPU.ActiveCfg = Debug|Any CPU
		{55BB94EF-0939-4046-8635-7BC7E3578B03}.Debug|Any CPU.Build.0 = Debug|Any CPU
		{55BB94EF-0939-4046-8635-7BC7E3578B03}.Release|Any CPU.ActiveCfg = Release|Any CPU
		{55BB94EF-0939-4046-8635-7BC7E3578B03}.Release|Any CPU.Build.0 = Release|Any CPU
	EndGlobalSection
	GlobalSection(SolutionProperties) = preSolution
		HideSolutionNode = FALSE
	EndGlobalSection
	GlobalSection(ExtensibilityGlobals) = postSolution
		SolutionGuid = {4B16C54E-5897-4FAE-B632-1AA5A45D119D}
	EndGlobalSection
EndGlobal
